# THIS IS AN AUTOGENERATED FILE. DO NOT EDIT THIS FILE DIRECTLY.
# yarn lockfile v1


"@types/amqplib@*":
  version "0.8.2"
  resolved "https://registry.yarnpkg.com/@types/amqplib/-/amqplib-0.8.2.tgz#9c46f2c7fac381e4f81bcb612c00d54549697d22"
  integrity sha512-p+TFLzo52f8UanB+Nq6gyUi65yecAcRY3nYowU6MPGFtaJvEDxcnFWrxssSTkF+ts1W3zyQDvgVICLQem5WxRA==
  dependencies:
    "@types/bluebird" "*"
    "@types/node" "*"

"@types/bluebird@*":
  version "3.5.36"
  resolved "https://registry.yarnpkg.com/@types/bluebird/-/bluebird-3.5.36.tgz#00d9301d4dc35c2f6465a8aec634bb533674c652"
  integrity sha512-HBNx4lhkxN7bx6P0++W8E289foSu8kO8GCk2unhuVggO+cE7rh9DhZUyPhUxNRG9m+5B5BTKxZQ5ZP92x/mx9Q==

"@types/jackrabbit@^4.3.3":
  version "4.3.3"
  resolved "https://registry.yarnpkg.com/@types/jackrabbit/-/jackrabbit-4.3.3.tgz#12531b3166ff3fe7098fbdfac45d1dde47f0d39d"
  integrity sha512-DFTU5C3m/Z4kaZMZ+JbEESmPxNl9gjQ2S1HvR4ZC1XcxMpH0b/Yt7WE+MdDsWWdoxzwjbWrJTzZY3+xtaB2aJA==
  dependencies:
    "@types/amqplib" "*"

"@types/node@*":
  version "17.0.21"
  resolved "https://registry.yarnpkg.com/@types/node/-/node-17.0.21.tgz#864b987c0c68d07b4345845c3e63b75edd143644"
  integrity sha512-DBZCJbhII3r90XbQxI8Y9IjjiiOGlZ0Hr32omXIZvwwZ7p4DMMXGrKXVyPfuoBOri9XNtL0UK69jYIBIsRX3QQ==

amqplib@^0.4.2:
  version "0.4.2"
  resolved "https://registry.yarnpkg.com/amqplib/-/amqplib-0.4.2.tgz#5e4a2a914ccb3125f9cb91f6da07c97aa4cb13a6"
  integrity sha1-XkoqkUzLMSX5y5H22gfJeqTLE6Y=
  dependencies:
    bitsyntax "~0.0.4"
    buffer-more-ints "0.0.2"
    readable-stream "1.x >=1.1.9"
    when "~3.6.2"

bitsyntax@~0.0.4:
  version "0.0.4"
  resolved "https://registry.yarnpkg.com/bitsyntax/-/bitsyntax-0.0.4.tgz#eb10cc6f82b8c490e3e85698f07e83d46e0cba82"
  integrity sha1-6xDMb4K4xJDj6FaY8H6D1G4MuoI=
  dependencies:
    buffer-more-ints "0.0.2"

buffer-more-ints@0.0.2:
  version "0.0.2"
  resolved "https://registry.yarnpkg.com/buffer-more-ints/-/buffer-more-ints-0.0.2.tgz#26b3885d10fa13db7fc01aae3aab870199e0124c"
  integrity sha1-JrOIXRD6E9t/wBquOquHAZngEkw=

core-util-is@~1.0.0:
  version "1.0.3"
  resolved "https://registry.yarnpkg.com/core-util-is/-/core-util-is-1.0.3.tgz#a6042d3634c2b27e9328f837b965fac83808db85"
  integrity sha512-ZQBvi1DcpJ4GDqanjucZ2Hj3wEO5pZDS89BWbkcrvdxksJorwUDDZamX9ldFkp9aw2lmBDLgkObEA4DWNJ9FYQ==

dotenv@^16.0.0:
  version "16.0.0"
  resolved "https://registry.yarnpkg.com/dotenv/-/dotenv-16.0.0.tgz#c619001253be89ebb638d027b609c75c26e47411"
  integrity sha512-qD9WU0MPM4SWLPJy/r2Be+2WgQj8plChsyrCNQzW/0WjvcJQiKQJ9mH3ZgB3fxbUUxgc/11ZJ0Fi5KiimWGz2Q==

inherits@~2.0.1:
  version "2.0.4"
  resolved "https://registry.yarnpkg.com/inherits/-/inherits-2.0.4.tgz#0fa2c64f932917c3433a0ded55363aae37416b7c"
  integrity sha512-k/vGaX4/Yla3WzyMCvTQOXYeIHvqOKtnqBduzTHpzpQZzAskKMhZ2K+EnBiSM9zGSoIFeMpXKxa4dYeZIQqewQ==

isarray@0.0.1:
  version "0.0.1"
  resolved "https://registry.yarnpkg.com/isarray/-/isarray-0.0.1.tgz#8a18acfca9a8f4177e09abfc6038939b05d1eedf"
  integrity sha1-ihis/Kmo9Bd+Cav8YDiTmwXR7t8=

jackrabbit@^4.4.0:
  version "4.4.0"
  resolved "https://registry.yarnpkg.com/jackrabbit/-/jackrabbit-4.4.0.tgz#65b96667e4bf68ae9e58124c8bb6a68037588f74"
  integrity sha512-iS2EsxgsViMxYGDqu3TA9y33lCGxijKdaZ66pTDWbkOc/3zgdP02NYue6CGRSnKdVPs4GEmT5/MzJbMEcs6y+w==
  dependencies:
    amqplib "^0.4.2"
    lodash "^3.10.1"
    uuid "^3.3.2"

lodash@^3.10.1:
  version "3.10.1"
  resolved "https://registry.yarnpkg.com/lodash/-/lodash-3.10.1.tgz#5bf45e8e49ba4189e17d482789dfd15bd140b7b6"
  integrity sha1-W/Rejkm6QYnhfUgnid/RW9FAt7Y=

"readable-stream@1.x >=1.1.9":
  version "1.1.14"
  resolved "https://registry.yarnpkg.com/readable-stream/-/readable-stream-1.1.14.tgz#7cf4c54ef648e3813084c636dd2079e166c081d9"
  integrity sha1-fPTFTvZI44EwhMY23SB54WbAgdk=
  dependencies:
    core-util-is "~1.0.0"
    inherits "~2.0.1"
    isarray "0.0.1"
    string_decoder "~0.10.x"

string_decoder@~0.10.x:
  version "0.10.31"
  resolved "https://registry.yarnpkg.com/string_decoder/-/string_decoder-0.10.31.tgz#62e203bc41766c6c28c9fc84301dab1c5310fa94"
  integrity sha1-YuIDvEF2bGwoyfyEMB2rHFMQ+pQ=

uuid@^3.3.2:
  version "3.4.0"
  resolved "https://registry.yarnpkg.com/uuid/-/uuid-3.4.0.tgz#b23e4358afa8a202fe7a100af1f5f883f02007ee"
  integrity sha512-HjSDRw6gZE5JMggctHBcjVak08+KEVhSIiDzFnT9S9aegmp85S/bReBVTb4QTFaRNptJ9kuYaNhnbNEOkbKb/A==

when@~3.6.2:
  version "3.6.4"
  resolved "https://registry.yarnpkg.com/when/-/when-3.6.4.tgz#473b517ec159e2b85005497a13983f095412e34e"
  integrity sha1-RztRfsFZ4rhQBUl6E5g/CVQS404=
